
Microsoft Visual Studio Solution File, Format Version 12.00
# Visual Studio Version 17
VisualStudioVersion = 17.14.37628.2 d17.14
MinimumVisualStudioVersion = 10.0.40219.1
Project("{FAE04EC0-301F-11D3-BF4B-00C04F79EFBC}") = "Lab02", "Lab02\Lab02.csproj", "{6E443BA0-1AB6-47D4-B06A-56405F0D9C3B}"
EndProject
Global
	GlobalSection(SolutionConfigurationPlatforms) = preSolution
		Debug|Any CPU = Debug|Any CPU
		Release|Any CPU = Release|Any CPU
	EndGlobalSection
	GlobalSection(ProjectConfigurationPlatforms) = postSolution
		{6E443BA0-1AB6-47D4-B06A-56405F0D9C3B}.Debug|Any CPU.ActiveCfg = Debug|Any CPU
		{6E443BA0-1AB6-47D4-B06A-56405F0D9C3B}.Debug|Any CPU.Build.0 = Debug|Any CPU
		{6E443BA0-1AB6-47D4-B06A-56405F0D9C3B}.Release|Any CPU.ActiveCfg = Release|Any CPU
		{6E443BA0-1AB6-47D4-B06A-56405F0D9C3B}.Release|Any CPU.Build.0 = Release|Any CPU
	EndGlobalSection
	GlobalSection(SolutionProperties) = preSolution
		HideSolutionNode = FALSE
	EndGlobalSection
	GlobalSection(ExtensibilityGlobals) = postSolution
		SolutionGuid = {4F3B8DE4-CE4E-4FA7-A7F4-6BBDC5965A54}
	EndGlobalSection
EndGlobal
