
Microsoft Visual Studio Solution File, Format Version 12.00
# Visual Studio Version 17
VisualStudioVersion = 17.14.37628.2 d17.14
MinimumVisualStudioVersion = 10.0.40219.1
Project("{FAE04EC0-301F-11D3-BF4B-00C04F79EFBC}") = "Lab02", "Lab02\Lab02.csproj", "{AABF39B2-2094-4D1B-A606-854DD1121552}"
EndProject
Global
	GlobalSection(SolutionConfigurationPlatforms) = preSolution
		Debug|Any CPU = Debug|Any CPU
		Release|Any CPU = Release|Any CPU
	EndGlobalSection
	GlobalSection(ProjectConfigurationPlatforms) = postSolution
		{AABF39B2-2094-4D1B-A606-854DD1121552}.Debug|Any CPU.ActiveCfg = Debug|Any CPU
		{AABF39B2-2094-4D1B-A606-854DD1121552}.Debug|Any CPU.Build.0 = Debug|Any CPU
		{AABF39B2-2094-4D1B-A606-854DD1121552}.Release|Any CPU.ActiveCfg = Release|Any CPU
		{AABF39B2-2094-4D1B-A606-854DD1121552}.Release|Any CPU.Build.0 = Release|Any CPU
	EndGlobalSection
	GlobalSection(SolutionProperties) = preSolution
		HideSolutionNode = FALSE
	EndGlobalSection
	GlobalSection(ExtensibilityGlobals) = postSolution
		SolutionGuid = {3F9B11CA-8EBC-4533-BB1A-A1E671A85C09}
	EndGlobalSection
EndGlobal
